
Microsoft Visual Studio Solution File, Format Version 12.00
# Visual Studio Version 17
VisualStudioVersion = 17.0.31903.59
MinimumVisualStudioVersion = 10.0.40219.1
Project("{2150E333-8FDC-42A3-9474-1A3956D46DE8}") = "tests", "tests", "{CECF4B13-B9E1-457D-A66E-7559F771677E}"
EndProject
Project("{FAE04EC0-301F-11D3-BF4B-00C04F79EFBC}") = "HotelHub.Tests", "tests\HotelHub.Tests\HotelHub.Tests.csproj", "{5704F908-B4E5-4FCD-A745-4F236C1DE757}"
EndProject
Project("{2150E333-8FDC-42A3-9474-1A3956D46DE8}") = "src", "src", "{C30C43F3-A2E5-482E-A83E-92B82D71378F}"
EndProject
Project("{FAE04EC0-301F-11D3-BF4B-00C04F79EFBC}") = "HotelHub.Core", "src\HotelHub.Core\HotelHub.Core.csproj", "{C1267C03-F810-4E37-A3AF-9D6CD8AD951A}"
EndProject
Project("{FAE04EC0-301F-11D3-BF4B-00C04F79EFBC}") = "HotelHub.Console", "src\HotelHub.Console\HotelHub.Console.csproj", "{28C8180C-D355-46BC-86B4-260EAB7EBB2D}"
EndProject
Project("{FAE04EC0-301F-11D3-BF4B-00C04F79EFBC}") = "HotelHub.Web", "src\HotelHub.Web\HotelHub.Web.csproj", "{D9EBC94B-BB2F-437E-A76B-EE2CDC980584}"
EndProject
Global
	GlobalSection(SolutionConfigurationPlatforms) = preSolution
		Debug|Any CPU = Debug|Any CPU
		Release|Any CPU = Release|Any CPU
	EndGlobalSection
	GlobalSection(SolutionProperties) = preSolution
		HideSolutionNode = FALSE
	EndGlobalSection
	GlobalSection(ProjectConfigurationPlatforms) = postSolution
		{5704F908-B4E5-4FCD-A745-4F236C1DE757}.Debug|Any CPU.ActiveCfg = Debug|Any CPU
		{5704F908-B4E5-4FCD-A745-4F236C1DE757}.Debug|Any CPU.Build.0 = Debug|Any CPU
		{5704F908-B4E5-4FCD-A745-4F236C1DE757}.Release|Any CPU.ActiveCfg = Release|Any CPU
		{5704F908-B4E5-4FCD-A745-4F236C1DE757}.Release|Any CPU.Build.0 = Release|Any CPU
		{C1267C03-F810-4E37-A3AF-9D6CD8AD951A}.Debug|Any CPU.ActiveCfg = Debug|Any CPU
		{C1267C03-F810-4E37-A3AF-9D6CD8AD951A}.Debug|Any CPU.Build.0 = Debug|Any CPU
		{C1267C03-F810-4E37-A3AF-9D6CD8AD951A}.Release|Any CPU.ActiveCfg = Release|Any CPU
		{C1267C03-F810-4E37-A3AF-9D6CD8AD951A}.Release|Any CPU.Build.0 = Release|Any CPU
		{28C8180C-D355-46BC-86B4-260EAB7EBB2D}.Debug|Any CPU.ActiveCfg = Debug|Any CPU
		{28C8180C-D355-46BC-86B4-260EAB7EBB2D}.Debug|Any CPU.Build.0 = Debug|Any CPU
		{28C8180C-D355-46BC-86B4-260EAB7EBB2D}.Release|Any CPU.ActiveCfg = Release|Any CPU
		{28C8180C-D355-46BC-86B4-260EAB7EBB2D}.Release|Any CPU.Build.0 = Release|Any CPU
		{D9EBC94B-BB2F-437E-A76B-EE2CDC980584}.Debug|Any CPU.ActiveCfg = Debug|Any CPU
		{D9EBC94B-BB2F-437E-A76B-EE2CDC980584}.Debug|Any CPU.Build.0 = Debug|Any CPU
		{D9EBC94B-BB2F-437E-A76B-EE2CDC980584}.Release|Any CPU.ActiveCfg = Release|Any CPU
		{D9EBC94B-BB2F-437E-A76B-EE2CDC980584}.Release|Any CPU.Build.0 = Release|Any CPU
	EndGlobalSection
	GlobalSection(NestedProjects) = preSolution
		{5704F908-B4E5-4FCD-A745-4F236C1DE757} = {CECF4B13-B9E1-457D-A66E-7559F771677E}
		{C1267C03-F810-4E37-A3AF-9D6CD8AD951A} = {C30C43F3-A2E5-482E-A83E-92B82D71378F}
		{28C8180C-D355-46BC-86B4-260EAB7EBB2D} = {C30C43F3-A2E5-482E-A83E-92B82D71378F}
		{D9EBC94B-BB2F-437E-A76B-EE2CDC980584} = {C30C43F3-A2E5-482E-A83E-92B82D71378F}
	EndGlobalSection
EndGlobal
